
Microsoft Visual Studio Solution File, Format Version 12.00
# Visual Studio Version 17
VisualStudioVersion = 17.3.32929.385
MinimumVisualStudioVersion = 10.0.40219.1
Project("{2150E333-8FDC-42A3-9474-1A3956D46DE8}") = "Solution Items", "Solution Items", "{08D35A9D-F299-4CD1-9FCE-895054C7BB4C}"
	ProjectSection(SolutionItems) = preProject
		backlog.txt = backlog.txt
	EndProjectSection
EndProject
Project("{9A19103F-16F7-4668-BE54-9A1E7A4F7556}") = "Mediafiles.App", "Mediafiles.App\Mediafiles.App.csproj", "{F67B6DED-9A2B-4B7F-99C6-A2182FD93045}"
EndProject
Project("{6EC3EE1D-3C4E-46DD-8F32-0CC8E7565705}") = "Mediafiles.Domain", "Mediafiles.Domain\Mediafiles.Domain.fsproj", "{0834F743-6B4E-4093-A12C-7521449F676C}"
EndProject
Project("{6EC3EE1D-3C4E-46DD-8F32-0CC8E7565705}") = "Mediafiles.Application", "Mediafiles.Application\Mediafiles.Application.fsproj", "{CBB7170B-E1CB-4753-8B78-A6F452A70B8D}"
EndProject
Project("{6EC3EE1D-3C4E-46DD-8F32-0CC8E7565705}") = "Mediafiles.Infrastructure", "Mediafiles.Infrastructure\Mediafiles.Infrastructure.fsproj", "{3841D0D3-C392-45F0-AAB6-CAF27F61F42A}"
EndProject
Project("{6EC3EE1D-3C4E-46DD-8F32-0CC8E7565705}") = "Mediafiles.MediaDataReader", "Mediafiles.MediaDataReader\Mediafiles.MediaDataReader.fsproj", "{4EB2848D-2F2C-4E5E-843B-816FF139092F}"
EndProject
Project("{6EC3EE1D-3C4E-46DD-8F32-0CC8E7565705}") = "Mediafiles.ThumbnailCreator", "Mediafiles.ThumbnailCreator\Mediafiles.ThumbnailCreator.fsproj", "{5CD7EA2C-7BA1-4F48-97B5-9EF95190F065}"
EndProject
Project("{F2A71F9B-5D33-465A-A702-920D77279786}") = "Mediafiles.Unittests", "Mediafiles.Unittests\Mediafiles.Unittests.fsproj", "{75945796-2E4E-4546-98B6-40E38EDC9186}"
EndProject
Project("{FAE04EC0-301F-11D3-BF4B-00C04F79EFBC}") = "Mediafiles.AppHost", "Mediafiles.AppHost\Mediafiles.AppHost.csproj", "{F1DD5333-FA32-4B29-8CE7-9EB9BD48DB8F}"
EndProject
Project("{FAE04EC0-301F-11D3-BF4B-00C04F79EFBC}") = "Mediafiles.ServiceDefaults", "Mediafiles.ServiceDefaults\Mediafiles.ServiceDefaults.csproj", "{919E98F1-3231-5870-A3AE-94675B1F4722}"
EndProject
Global
	GlobalSection(SolutionConfigurationPlatforms) = preSolution
		Debug|Any CPU = Debug|Any CPU
		Release|Any CPU = Release|Any CPU
	EndGlobalSection
	GlobalSection(ProjectConfigurationPlatforms) = postSolution
		{F67B6DED-9A2B-4B7F-99C6-A2182FD93045}.Debug|Any CPU.ActiveCfg = Debug|Any CPU
		{F67B6DED-9A2B-4B7F-99C6-A2182FD93045}.Debug|Any CPU.Build.0 = Debug|Any CPU
		{F67B6DED-9A2B-4B7F-99C6-A2182FD93045}.Release|Any CPU.ActiveCfg = Release|Any CPU
		{F67B6DED-9A2B-4B7F-99C6-A2182FD93045}.Release|Any CPU.Build.0 = Release|Any CPU
		{0834F743-6B4E-4093-A12C-7521449F676C}.Debug|Any CPU.ActiveCfg = Debug|Any CPU
		{0834F743-6B4E-4093-A12C-7521449F676C}.Debug|Any CPU.Build.0 = Debug|Any CPU
		{0834F743-6B4E-4093-A12C-7521449F676C}.Release|Any CPU.ActiveCfg = Release|Any CPU
		{0834F743-6B4E-4093-A12C-7521449F676C}.Release|Any CPU.Build.0 = Release|Any CPU
		{CBB7170B-E1CB-4753-8B78-A6F452A70B8D}.Debug|Any CPU.ActiveCfg = Debug|Any CPU
		{CBB7170B-E1CB-4753-8B78-A6F452A70B8D}.Debug|Any CPU.Build.0 = Debug|Any CPU
		{CBB7170B-E1CB-4753-8B78-A6F452A70B8D}.Release|Any CPU.ActiveCfg = Release|Any CPU
		{CBB7170B-E1CB-4753-8B78-A6F452A70B8D}.Release|Any CPU.Build.0 = Release|Any CPU
		{3841D0D3-C392-45F0-AAB6-CAF27F61F42A}.Debug|Any CPU.ActiveCfg = Debug|Any CPU
		{3841D0D3-C392-45F0-AAB6-CAF27F61F42A}.Debug|Any CPU.Build.0 = Debug|Any CPU
		{3841D0D3-C392-45F0-AAB6-CAF27F61F42A}.Release|Any CPU.ActiveCfg = Release|Any CPU
		{3841D0D3-C392-45F0-AAB6-CAF27F61F42A}.Release|Any CPU.Build.0 = Release|Any CPU
		{4EB2848D-2F2C-4E5E-843B-816FF139092F}.Debug|Any CPU.ActiveCfg = Debug|Any CPU
		{4EB2848D-2F2C-4E5E-843B-816FF139092F}.Debug|Any CPU.Build.0 = Debug|Any CPU
		{4EB2848D-2F2C-4E5E-843B-816FF139092F}.Release|Any CPU.ActiveCfg = Release|Any CPU
		{4EB2848D-2F2C-4E5E-843B-816FF139092F}.Release|Any CPU.Build.0 = Release|Any CPU
		{5CD7EA2C-7BA1-4F48-97B5-9EF95190F065}.Debug|Any CPU.ActiveCfg = Debug|Any CPU
		{5CD7EA2C-7BA1-4F48-97B5-9EF95190F065}.Debug|Any CPU.Build.0 = Debug|Any CPU
		{5CD7EA2C-7BA1-4F48-97B5-9EF95190F065}.Release|Any CPU.ActiveCfg = Release|Any CPU
		{5CD7EA2C-7BA1-4F48-97B5-9EF95190F065}.Release|Any CPU.Build.0 = Release|Any CPU
		{75945796-2E4E-4546-98B6-40E38EDC9186}.Debug|Any CPU.ActiveCfg = Debug|Any CPU
		{75945796-2E4E-4546-98B6-40E38EDC9186}.Debug|Any CPU.Build.0 = Debug|Any CPU
		{75945796-2E4E-4546-98B6-40E38EDC9186}.Release|Any CPU.ActiveCfg = Release|Any CPU
		{75945796-2E4E-4546-98B6-40E38EDC9186}.Release|Any CPU.Build.0 = Release|Any CPU
		{F1DD5333-FA32-4B29-8CE7-9EB9BD48DB8F}.Debug|Any CPU.ActiveCfg = Debug|Any CPU
		{F1DD5333-FA32-4B29-8CE7-9EB9BD48DB8F}.Debug|Any CPU.Build.0 = Debug|Any CPU
		{F1DD5333-FA32-4B29-8CE7-9EB9BD48DB8F}.Release|Any CPU.ActiveCfg = Release|Any CPU
		{F1DD5333-FA32-4B29-8CE7-9EB9BD48DB8F}.Release|Any CPU.Build.0 = Release|Any CPU
		{919E98F1-3231-5870-A3AE-94675B1F4722}.Debug|Any CPU.ActiveCfg = Debug|Any CPU
		{919E98F1-3231-5870-A3AE-94675B1F4722}.Debug|Any CPU.Build.0 = Debug|Any CPU
		{919E98F1-3231-5870-A3AE-94675B1F4722}.Release|Any CPU.ActiveCfg = Release|Any CPU
		{919E98F1-3231-5870-A3AE-94675B1F4722}.Release|Any CPU.Build.0 = Release|Any CPU
	EndGlobalSection
	GlobalSection(SolutionProperties) = preSolution
		HideSolutionNode = FALSE
	EndGlobalSection
	GlobalSection(ExtensibilityGlobals) = postSolution
		SolutionGuid = {4ADC2554-D312-4173-9D50-A3D30B208145}
	EndGlobalSection
EndGlobal
